
Microsoft Visual Studio Solution File, Format Version 12.00
# Visual Studio Version 17
VisualStudioVersion = 17.11.35312.102
MinimumVisualStudioVersion = 10.0.40219.1
Project("{FAE04EC0-301F-11D3-BF4B-00C04F79EFBC}") = "AspNetBookAPI", "AspNetBookAPI\AspNetBookAPI.csproj", "{2ADF5723-2C6E-46A9-99BE-991F84FB4D67}"
EndProject
Global
	GlobalSection(SolutionConfigurationPlatforms) = preSolution
		Debug|Any CPU = Debug|Any CPU
		Release|Any CPU = Release|Any CPU
	EndGlobalSection
	GlobalSection(ProjectConfigurationPlatforms) = postSolution
		{2ADF5723-2C6E-46A9-99BE-991F84FB4D67}.Debug|Any CPU.ActiveCfg = Debug|Any CPU
		{2ADF5723-2C6E-46A9-99BE-991F84FB4D67}.Debug|Any CPU.Build.0 = Debug|Any CPU
		{2ADF5723-2C6E-46A9-99BE-991F84FB4D67}.Release|Any CPU.ActiveCfg = Release|Any CPU
		{2ADF5723-2C6E-46A9-99BE-991F84FB4D67}.Release|Any CPU.Build.0 = Release|Any CPU
	EndGlobalSection
	GlobalSection(SolutionProperties) = preSolution
		HideSolutionNode = FALSE
	EndGlobalSection
	GlobalSection(ExtensibilityGlobals) = postSolution
		SolutionGuid = {BE8A7878-3547-416D-ADCB-BCCA37C78A13}
	EndGlobalSection
EndGlobal
